// !$*UTF8*$!
{
	archiveVersion = 1;
	classes = {
	};
	objectVersion = 50;
	objects = {

/* Begin PBXBuildFile section */
		D9070D852252B129000A2A6C /* MockUpdateConsumer.swift in Sources */ = {isa = PBXBuildFile; fileRef = D9070D832252B0AB000A2A6C /* MockUpdateConsumer.swift */; };
		D9070D872252C050000A2A6C /* MockNotificationCenter.swift in Sources */ = {isa = PBXBuildFile; fileRef = D9070D862252C050000A2A6C /* MockNotificationCenter.swift */; };
		D9070D8C2252C96C000A2A6C /* ClosureConsumer.swift in Sources */ = {isa = PBXBuildFile; fileRef = D9070D8B2252C96C000A2A6C /* ClosureConsumer.swift */; };
		D9070D8E2252C9A2000A2A6C /* NotificationsUpdatesConsumer.swift in Sources */ = {isa = PBXBuildFile; fileRef = D9070D8D2252C9A2000A2A6C /* NotificationsUpdatesConsumer.swift */; };
		D910EE8920FA451C007F495B /* SwiftShims.swift in Sources */ = {isa = PBXBuildFile; fileRef = D910EE8820FA451C007F495B /* SwiftShims.swift */; };
		D910EE9420FEA064007F495B /* Action.swift in Sources */ = {isa = PBXBuildFile; fileRef = D910EE9320FEA064007F495B /* Action.swift */; };
		D910EE9620FEA070007F495B /* ActionProvider.swift in Sources */ = {isa = PBXBuildFile; fileRef = D910EE9520FEA070007F495B /* ActionProvider.swift */; };
		D912412B225A46DD00846D05 /* QuaternionValue.swift in Sources */ = {isa = PBXBuildFile; fileRef = D9386AF22255158700B081AB /* QuaternionValue.swift */; };
		D912412C225A473300846D05 /* NumericValues.swift in Sources */ = {isa = PBXBuildFile; fileRef = D9386AF62255167F00B081AB /* NumericValues.swift */; };
		D912412D225A49DB00846D05 /* MeasurementValue.swift in Sources */ = {isa = PBXBuildFile; fileRef = D9EB5D5B21FB5A8300163BF6 /* MeasurementValue.swift */; };
		D912412E225A4A0200846D05 /* SpeedValue.swift in Sources */ = {isa = PBXBuildFile; fileRef = D9126CE821F3B6AA002C37EF /* SpeedValue.swift */; };
		D912412F225A4A0400846D05 /* AngleValue.swift in Sources */ = {isa = PBXBuildFile; fileRef = D9126CE621F3B68B002C37EF /* AngleValue.swift */; };
		D9124130225A4A0800846D05 /* LengthValue.swift in Sources */ = {isa = PBXBuildFile; fileRef = D9126CD821F3A1AD002C37EF /* LengthValue.swift */; };
		D9124131225A4A0C00846D05 /* FrequencyValue.swift in Sources */ = {isa = PBXBuildFile; fileRef = D9126CE121F3AF73002C37EF /* FrequencyValue.swift */; };
		D9124132225A4B5E00846D05 /* CoordinateValue.swift in Sources */ = {isa = PBXBuildFile; fileRef = D999587421035F0000C577AC /* CoordinateValue.swift */; };
		D9124134225A4B9400846D05 /* LocationAuthorizationValue.swift in Sources */ = {isa = PBXBuildFile; fileRef = D9154EA821FFC2B200C1E99B /* LocationAuthorizationValue.swift */; };
		D9124137225A4C3200846D05 /* RotationRateValue.swift in Sources */ = {isa = PBXBuildFile; fileRef = D930631720D58A85007A0CBD /* RotationRateValue.swift */; };
		D9124138225A4C3200846D05 /* PercentValue.swift in Sources */ = {isa = PBXBuildFile; fileRef = D91C4B1322500C8C009E234F /* PercentValue.swift */; };
		D9124139225A4C3200846D05 /* ScaleValue.swift in Sources */ = {isa = PBXBuildFile; fileRef = D91C4B1722500E87009E234F /* ScaleValue.swift */; };
		D912413A225A4C3200846D05 /* SizeValue.swift in Sources */ = {isa = PBXBuildFile; fileRef = D9286C2E224E7C6B00A69AF3 /* SizeValue.swift */; };
		D912413E225A4D3000846D05 /* RotationRateFormatter.swift in Sources */ = {isa = PBXBuildFile; fileRef = D912413D225A4D3000846D05 /* RotationRateFormatter.swift */; };
		D9124140225A4E6F00846D05 /* DeviceAttitude.swift in Sources */ = {isa = PBXBuildFile; fileRef = D96A18E320C741E100CAE44F /* DeviceAttitude.swift */; };
		D9124144225A4FED00846D05 /* UnitMagneticField.swift in Sources */ = {isa = PBXBuildFile; fileRef = D9124143225A4FED00846D05 /* UnitMagneticField.swift */; };
		D9124146225A520300846D05 /* MagneticFieldValue.swift in Sources */ = {isa = PBXBuildFile; fileRef = D9124145225A520300846D05 /* MagneticFieldValue.swift */; };
		D9124148225A524900846D05 /* CMMagneticFieldValue.swift in Sources */ = {isa = PBXBuildFile; fileRef = D9124147225A524900846D05 /* CMMagneticFieldValue.swift */; };
		D912414A225A52F300846D05 /* CMMagneticFieldFormatter.swift in Sources */ = {isa = PBXBuildFile; fileRef = D9124149225A52F300846D05 /* CMMagneticFieldFormatter.swift */; };
		D912414D225A557000846D05 /* CMCalibratedMagneticFieldValue.swift in Sources */ = {isa = PBXBuildFile; fileRef = D912414C225A557000846D05 /* CMCalibratedMagneticFieldValue.swift */; };
		D912414F225A57C100846D05 /* CMLogItem+date.swift in Sources */ = {isa = PBXBuildFile; fileRef = D912414E225A57C100846D05 /* CMLogItem+date.swift */; };
		D9124151225A587D00846D05 /* CoreMotionSource.swift in Sources */ = {isa = PBXBuildFile; fileRef = D9124150225A587D00846D05 /* CoreMotionSource.swift */; };
		D9124153225A612200846D05 /* UnitMagneticFieldTests.swift in Sources */ = {isa = PBXBuildFile; fileRef = D9124152225A612200846D05 /* UnitMagneticFieldTests.swift */; };
		D9124155225A727400846D05 /* OptionalValueTests.swift in Sources */ = {isa = PBXBuildFile; fileRef = D9124154225A727400846D05 /* OptionalValueTests.swift */; };
		D9124157225A741A00846D05 /* castToOptional.swift in Sources */ = {isa = PBXBuildFile; fileRef = D9124156225A741A00846D05 /* castToOptional.swift */; };
		D9124159225A752900846D05 /* ValueTests.swift in Sources */ = {isa = PBXBuildFile; fileRef = D9124158225A752900846D05 /* ValueTests.swift */; };
		D912415C225A97A200846D05 /* OptionalMeasurementValueTests.swift in Sources */ = {isa = PBXBuildFile; fileRef = D912415B225A97A200846D05 /* OptionalMeasurementValueTests.swift */; };
		D912415F225AA25100846D05 /* Localizable.strings in Resources */ = {isa = PBXBuildFile; fileRef = D9124161225AA25100846D05 /* Localizable.strings */; };
		D9124163225AA37100846D05 /* String+localized.swift in Sources */ = {isa = PBXBuildFile; fileRef = D9124162225AA37100846D05 /* String+localized.swift */; };
		D9124165225AB01F00846D05 /* MagneticFieldCalibrationAccuracyFormatter.swift in Sources */ = {isa = PBXBuildFile; fileRef = D9124164225AB01F00846D05 /* MagneticFieldCalibrationAccuracyFormatter.swift */; };
		D9124167225AB07400846D05 /* MagneticFieldCalibrationAccuracyValue.swift in Sources */ = {isa = PBXBuildFile; fileRef = D9124166225AB07400846D05 /* MagneticFieldCalibrationAccuracyValue.swift */; };
		D9126CDC21F3AC53002C37EF /* CoordinateFormatter.swift in Sources */ = {isa = PBXBuildFile; fileRef = D9126CDB21F3AC53002C37EF /* CoordinateFormatter.swift */; };
		D9154EAC21FFC2FB00C1E99B /* LocationAuthorizationFormatter.swift in Sources */ = {isa = PBXBuildFile; fileRef = D9154EAB21FFC2FB00C1E99B /* LocationAuthorizationFormatter.swift */; };
		D9164979227242E3001138DE /* OptionalValue.swift in Sources */ = {isa = PBXBuildFile; fileRef = D9164978227242E3001138DE /* OptionalValue.swift */; };
		D916497B22725788001138DE /* Producer.swift in Sources */ = {isa = PBXBuildFile; fileRef = D916497A22725788001138DE /* Producer.swift */; };
		D916497E227257CB001138DE /* AnyProducer.swift in Sources */ = {isa = PBXBuildFile; fileRef = D916497D227257CB001138DE /* AnyProducer.swift */; };
		D916498022725817001138DE /* Consumer.swift in Sources */ = {isa = PBXBuildFile; fileRef = D916497F22725817001138DE /* Consumer.swift */; };
		D91649822272582F001138DE /* WeakConsumerWrapper.swift in Sources */ = {isa = PBXBuildFile; fileRef = D91649812272582F001138DE /* WeakConsumerWrapper.swift */; };
		D916498422725847001138DE /* ConsumersProvider.swift in Sources */ = {isa = PBXBuildFile; fileRef = D916498322725847001138DE /* ConsumersProvider.swift */; };
		D91649862272586E001138DE /* AnyValue.swift in Sources */ = {isa = PBXBuildFile; fileRef = D91649852272586E001138DE /* AnyValue.swift */; };
		D9168F4E20C8851E00100EEE /* ValuesProvider.swift in Sources */ = {isa = PBXBuildFile; fileRef = D9168F4D20C8851E00100EEE /* ValuesProvider.swift */; };
		D91C4B1622500CC1009E234F /* PercentFormatter.swift in Sources */ = {isa = PBXBuildFile; fileRef = D91C4B1522500CC1009E234F /* PercentFormatter.swift */; };
		D91C4B1A22500ED3009E234F /* ScaleFormatter.swift in Sources */ = {isa = PBXBuildFile; fileRef = D91C4B1922500ED3009E234F /* ScaleFormatter.swift */; };
		D9286C2D224E7A1500A69AF3 /* SizeFormatter.swift in Sources */ = {isa = PBXBuildFile; fileRef = D9286C2C224E7A1500A69AF3 /* SizeFormatter.swift */; };
		D9386AF5225515AA00B081AB /* QuaternionFormatter.swift in Sources */ = {isa = PBXBuildFile; fileRef = D9386AF4225515AA00B081AB /* QuaternionFormatter.swift */; };
		D9386B3822560BC300B081AB /* OperationQueue+convenience.swift in Sources */ = {isa = PBXBuildFile; fileRef = D9386B3722560BC300B081AB /* OperationQueue+convenience.swift */; };
		D9582C2D226FAC4C004327A4 /* ScreenTests.swift in Sources */ = {isa = PBXBuildFile; fileRef = D9EF05E020AE2B9700D3F194 /* ScreenTests.swift */; };
		D9582C2E226FAC51004327A4 /* Screen.swift in Sources */ = {isa = PBXBuildFile; fileRef = D9EF05CA20ACD35B00D3F194 /* Screen.swift */; };
		D9582C2F226FAC92004327A4 /* MockScreenBackingData.swift in Sources */ = {isa = PBXBuildFile; fileRef = D9EF05E420AE2BBD00D3F194 /* MockScreenBackingData.swift */; };
		D9ADBCDC20F8DE4700BB0255 /* SystemConfiguration.framework in Frameworks */ = {isa = PBXBuildFile; fileRef = D9ADBCDB20F8DE4700BB0255 /* SystemConfiguration.framework */; };
		D9C7D749227357770096DE89 /* Gyroscope.swift in Sources */ = {isa = PBXBuildFile; fileRef = D9B84DDF20CC83D900380C42 /* Gyroscope.swift */; };
		D9C7D74B2274A7890096DE89 /* Magnetometer.swift in Sources */ = {isa = PBXBuildFile; fileRef = D9B84DE120CF0FB800380C42 /* Magnetometer.swift */; };
		D9C7D74C2274A7A80096DE89 /* Heading.swift in Sources */ = {isa = PBXBuildFile; fileRef = D9386AFA225522F200B081AB /* Heading.swift */; };
		D9C7D74D2274B04E0096DE89 /* Location.swift in Sources */ = {isa = PBXBuildFile; fileRef = D930631020D54E0A007A0CBD /* Location.swift */; };
		D9D7529E20B4BE0600B16A06 /* SourceAvailability.swift in Sources */ = {isa = PBXBuildFile; fileRef = D9D7529D20B4BE0600B16A06 /* SourceAvailability.swift */; };
		D9EF058B20ACC59300D3F194 /* GatheredKit.framework in Frameworks */ = {isa = PBXBuildFile; fileRef = D9EF058120ACC59300D3F194 /* GatheredKit.framework */; };
		D9EF059220ACC59400D3F194 /* GatheredKit.h in Headers */ = {isa = PBXBuildFile; fileRef = D9EF058420ACC59300D3F194 /* GatheredKit.h */; settings = {ATTRIBUTES = (Public, ); }; };
		D9EF059E20ACC63700D3F194 /* Controllable.swift in Sources */ = {isa = PBXBuildFile; fileRef = D9EF059D20ACC63700D3F194 /* Controllable.swift */; };
		D9EF05A020ACC77D00D3F194 /* Value.swift in Sources */ = {isa = PBXBuildFile; fileRef = D9EF059F20ACC77D00D3F194 /* Value.swift */; };
		D9EF05AD20ACCF7000D3F194 /* CustomisableUpdateIntervalControllable.swift in Sources */ = {isa = PBXBuildFile; fileRef = D9EF05AC20ACCF7000D3F194 /* CustomisableUpdateIntervalControllable.swift */; };
		D9EF05AF20ACCF8B00D3F194 /* ManuallyUpdatableValuesProvider.swift in Sources */ = {isa = PBXBuildFile; fileRef = D9EF05AE20ACCF8B00D3F194 /* ManuallyUpdatableValuesProvider.swift */; };
		D9EF05D120ACD6B900D3F194 /* AnyConsumer.swift in Sources */ = {isa = PBXBuildFile; fileRef = D9EF05D020ACD6B900D3F194 /* AnyConsumer.swift */; };
		D9EF05F520AE2FE800D3F194 /* Nimble.framework in Embed Frameworks */ = {isa = PBXBuildFile; fileRef = D9EF05F120AE2FE100D3F194 /* Nimble.framework */; settings = {ATTRIBUTES = (CodeSignOnCopy, RemoveHeadersOnCopy, ); }; };
		D9EF05F620AE2FE800D3F194 /* Quick.framework in Embed Frameworks */ = {isa = PBXBuildFile; fileRef = D9EF05F220AE2FE100D3F194 /* Quick.framework */; settings = {ATTRIBUTES = (CodeSignOnCopy, RemoveHeadersOnCopy, ); }; };
		D9EF05F720AE2FEA00D3F194 /* Nimble.framework in Frameworks */ = {isa = PBXBuildFile; fileRef = D9EF05F120AE2FE100D3F194 /* Nimble.framework */; };
		D9EF05F820AE2FEA00D3F194 /* Quick.framework in Frameworks */ = {isa = PBXBuildFile; fileRef = D9EF05F220AE2FE100D3F194 /* Quick.framework */; };
		D9F6B05520F8F4A700831338 /* Source.swift in Sources */ = {isa = PBXBuildFile; fileRef = D9F6B05420F8F4A700831338 /* Source.swift */; };
/* End PBXBuildFile section */

/* Begin PBXContainerItemProxy section */
		D9EF058C20ACC59300D3F194 /* PBXContainerItemProxy */ = {
			isa = PBXContainerItemProxy;
			containerPortal = D9EF057820ACC59300D3F194 /* Project object */;
			proxyType = 1;
			remoteGlobalIDString = D9EF058020ACC59300D3F194;
			remoteInfo = GatheredKit;
		};
/* End PBXContainerItemProxy section */

/* Begin PBXCopyFilesBuildPhase section */
		D9EF05E620AE2F6900D3F194 /* Embed Frameworks */ = {
			isa = PBXCopyFilesBuildPhase;
			buildActionMask = 2147483647;
			dstPath = "";
			dstSubfolderSpec = 10;
			files = (
				D9EF05F520AE2FE800D3F194 /* Nimble.framework in Embed Frameworks */,
				D9EF05F620AE2FE800D3F194 /* Quick.framework in Embed Frameworks */,
			);
			name = "Embed Frameworks";
			runOnlyForDeploymentPostprocessing = 0;
		};
/* End PBXCopyFilesBuildPhase section */

/* Begin PBXFileReference section */
		D9070D832252B0AB000A2A6C /* MockUpdateConsumer.swift */ = {isa = PBXFileReference; lastKnownFileType = sourcecode.swift; path = MockUpdateConsumer.swift; sourceTree = "<group>"; };
		D9070D862252C050000A2A6C /* MockNotificationCenter.swift */ = {isa = PBXFileReference; lastKnownFileType = sourcecode.swift; path = MockNotificationCenter.swift; sourceTree = "<group>"; };
		D9070D8B2252C96C000A2A6C /* ClosureConsumer.swift */ = {isa = PBXFileReference; lastKnownFileType = sourcecode.swift; path = ClosureConsumer.swift; sourceTree = "<group>"; };
		D9070D8D2252C9A2000A2A6C /* NotificationsUpdatesConsumer.swift */ = {isa = PBXFileReference; lastKnownFileType = sourcecode.swift; path = NotificationsUpdatesConsumer.swift; sourceTree = "<group>"; };
		D910EE8620FA412E007F495B /* Battery.swift */ = {isa = PBXFileReference; lastKnownFileType = sourcecode.swift; path = Battery.swift; sourceTree = "<group>"; };
		D910EE8820FA451C007F495B /* SwiftShims.swift */ = {isa = PBXFileReference; lastKnownFileType = sourcecode.swift; path = SwiftShims.swift; sourceTree = "<group>"; };
		D910EE8C20FB6011007F495B /* DeviceMetadata.swift */ = {isa = PBXFileReference; lastKnownFileType = sourcecode.swift; path = DeviceMetadata.swift; sourceTree = "<group>"; };
		D910EE9020FE9E76007F495B /* Altimeter.swift */ = {isa = PBXFileReference; lastKnownFileType = sourcecode.swift; path = Altimeter.swift; sourceTree = "<group>"; };
		D910EE9320FEA064007F495B /* Action.swift */ = {isa = PBXFileReference; lastKnownFileType = sourcecode.swift; path = Action.swift; sourceTree = "<group>"; };
		D910EE9520FEA070007F495B /* ActionProvider.swift */ = {isa = PBXFileReference; lastKnownFileType = sourcecode.swift; path = ActionProvider.swift; sourceTree = "<group>"; };
		D910EE9720FEA637007F495B /* Proximity.swift */ = {isa = PBXFileReference; lastKnownFileType = sourcecode.swift; path = Proximity.swift; sourceTree = "<group>"; };
		D910EE9920FFDE22007F495B /* CellRadio.swift */ = {isa = PBXFileReference; lastKnownFileType = sourcecode.swift; path = CellRadio.swift; sourceTree = "<group>"; };
		D910EE9B20FFE2E9007F495B /* CellRadioCarrierValue.swift */ = {isa = PBXFileReference; lastKnownFileType = sourcecode.swift; path = CellRadioCarrierValue.swift; sourceTree = "<group>"; };
		D912413D225A4D3000846D05 /* RotationRateFormatter.swift */ = {isa = PBXFileReference; lastKnownFileType = sourcecode.swift; path = RotationRateFormatter.swift; sourceTree = "<group>"; };
		D9124143225A4FED00846D05 /* UnitMagneticField.swift */ = {isa = PBXFileReference; lastKnownFileType = sourcecode.swift; path = UnitMagneticField.swift; sourceTree = "<group>"; };
		D9124145225A520300846D05 /* MagneticFieldValue.swift */ = {isa = PBXFileReference; lastKnownFileType = sourcecode.swift; path = MagneticFieldValue.swift; sourceTree = "<group>"; };
		D9124147225A524900846D05 /* CMMagneticFieldValue.swift */ = {isa = PBXFileReference; lastKnownFileType = sourcecode.swift; path = CMMagneticFieldValue.swift; sourceTree = "<group>"; };
		D9124149225A52F300846D05 /* CMMagneticFieldFormatter.swift */ = {isa = PBXFileReference; lastKnownFileType = sourcecode.swift; path = CMMagneticFieldFormatter.swift; sourceTree = "<group>"; };
		D912414C225A557000846D05 /* CMCalibratedMagneticFieldValue.swift */ = {isa = PBXFileReference; lastKnownFileType = sourcecode.swift; path = CMCalibratedMagneticFieldValue.swift; sourceTree = "<group>"; };
		D912414E225A57C100846D05 /* CMLogItem+date.swift */ = {isa = PBXFileReference; lastKnownFileType = sourcecode.swift; path = "CMLogItem+date.swift"; sourceTree = "<group>"; };
		D9124150225A587D00846D05 /* CoreMotionSource.swift */ = {isa = PBXFileReference; lastKnownFileType = sourcecode.swift; path = CoreMotionSource.swift; sourceTree = "<group>"; };
		D9124152225A612200846D05 /* UnitMagneticFieldTests.swift */ = {isa = PBXFileReference; lastKnownFileType = sourcecode.swift; path = UnitMagneticFieldTests.swift; sourceTree = "<group>"; };
		D9124154225A727400846D05 /* OptionalValueTests.swift */ = {isa = PBXFileReference; lastKnownFileType = sourcecode.swift; path = OptionalValueTests.swift; sourceTree = "<group>"; };
		D9124156225A741A00846D05 /* castToOptional.swift */ = {isa = PBXFileReference; lastKnownFileType = sourcecode.swift; path = castToOptional.swift; sourceTree = "<group>"; };
		D9124158225A752900846D05 /* ValueTests.swift */ = {isa = PBXFileReference; lastKnownFileType = sourcecode.swift; path = ValueTests.swift; sourceTree = "<group>"; };
		D912415B225A97A200846D05 /* OptionalMeasurementValueTests.swift */ = {isa = PBXFileReference; lastKnownFileType = sourcecode.swift; path = OptionalMeasurementValueTests.swift; sourceTree = "<group>"; };
		D9124160225AA25100846D05 /* en-GB */ = {isa = PBXFileReference; lastKnownFileType = text.plist.strings; name = "en-GB"; path = "en-GB.lproj/Localizable.strings"; sourceTree = "<group>"; };
		D9124162225AA37100846D05 /* String+localized.swift */ = {isa = PBXFileReference; lastKnownFileType = sourcecode.swift; path = "String+localized.swift"; sourceTree = "<group>"; };
		D9124164225AB01F00846D05 /* MagneticFieldCalibrationAccuracyFormatter.swift */ = {isa = PBXFileReference; lastKnownFileType = sourcecode.swift; path = MagneticFieldCalibrationAccuracyFormatter.swift; sourceTree = "<group>"; };
		D9124166225AB07400846D05 /* MagneticFieldCalibrationAccuracyValue.swift */ = {isa = PBXFileReference; lastKnownFileType = sourcecode.swift; path = MagneticFieldCalibrationAccuracyValue.swift; sourceTree = "<group>"; };
		D9126CD821F3A1AD002C37EF /* LengthValue.swift */ = {isa = PBXFileReference; lastKnownFileType = sourcecode.swift; path = LengthValue.swift; sourceTree = "<group>"; };
		D9126CDB21F3AC53002C37EF /* CoordinateFormatter.swift */ = {isa = PBXFileReference; lastKnownFileType = sourcecode.swift; path = CoordinateFormatter.swift; sourceTree = "<group>"; };
		D9126CDD21F3AD06002C37EF /* RotationRateFormatter.swift */ = {isa = PBXFileReference; lastKnownFileType = sourcecode.swift; path = RotationRateFormatter.swift; sourceTree = "<group>"; };
		D9126CE121F3AF73002C37EF /* FrequencyValue.swift */ = {isa = PBXFileReference; lastKnownFileType = sourcecode.swift; path = FrequencyValue.swift; sourceTree = "<group>"; };
		D9126CE621F3B68B002C37EF /* AngleValue.swift */ = {isa = PBXFileReference; lastKnownFileType = sourcecode.swift; path = AngleValue.swift; sourceTree = "<group>"; };
		D9126CE821F3B6AA002C37EF /* SpeedValue.swift */ = {isa = PBXFileReference; lastKnownFileType = sourcecode.swift; path = SpeedValue.swift; sourceTree = "<group>"; };
		D9154EA821FFC2B200C1E99B /* LocationAuthorizationValue.swift */ = {isa = PBXFileReference; lastKnownFileType = sourcecode.swift; path = LocationAuthorizationValue.swift; sourceTree = "<group>"; };
		D9154EAB21FFC2FB00C1E99B /* LocationAuthorizationFormatter.swift */ = {isa = PBXFileReference; lastKnownFileType = sourcecode.swift; path = LocationAuthorizationFormatter.swift; sourceTree = "<group>"; };
		D9154EAE21FFC87C00C1E99B /* MockLocationManager.swift */ = {isa = PBXFileReference; lastKnownFileType = sourcecode.swift; path = MockLocationManager.swift; sourceTree = "<group>"; };
		D9154EB021FFC8D300C1E99B /* LocationTests.swift */ = {isa = PBXFileReference; lastKnownFileType = sourcecode.swift; path = LocationTests.swift; sourceTree = "<group>"; };
		D9164978227242E3001138DE /* OptionalValue.swift */ = {isa = PBXFileReference; lastKnownFileType = sourcecode.swift; path = OptionalValue.swift; sourceTree = "<group>"; };
		D916497A22725788001138DE /* Producer.swift */ = {isa = PBXFileReference; lastKnownFileType = sourcecode.swift; path = Producer.swift; sourceTree = "<group>"; };
		D916497D227257CB001138DE /* AnyProducer.swift */ = {isa = PBXFileReference; lastKnownFileType = sourcecode.swift; path = AnyProducer.swift; sourceTree = "<group>"; };
		D916497F22725817001138DE /* Consumer.swift */ = {isa = PBXFileReference; lastKnownFileType = sourcecode.swift; path = Consumer.swift; sourceTree = "<group>"; };
		D91649812272582F001138DE /* WeakConsumerWrapper.swift */ = {isa = PBXFileReference; lastKnownFileType = sourcecode.swift; path = WeakConsumerWrapper.swift; sourceTree = "<group>"; };
		D916498322725847001138DE /* ConsumersProvider.swift */ = {isa = PBXFileReference; lastKnownFileType = sourcecode.swift; path = ConsumersProvider.swift; sourceTree = "<group>"; };
		D91649852272586E001138DE /* AnyValue.swift */ = {isa = PBXFileReference; lastKnownFileType = sourcecode.swift; path = AnyValue.swift; sourceTree = "<group>"; };
		D9168F4D20C8851E00100EEE /* ValuesProvider.swift */ = {isa = PBXFileReference; lastKnownFileType = sourcecode.swift; path = ValuesProvider.swift; sourceTree = "<group>"; };
		D91C4B1322500C8C009E234F /* PercentValue.swift */ = {isa = PBXFileReference; lastKnownFileType = sourcecode.swift; path = PercentValue.swift; sourceTree = "<group>"; };
		D91C4B1522500CC1009E234F /* PercentFormatter.swift */ = {isa = PBXFileReference; lastKnownFileType = sourcecode.swift; path = PercentFormatter.swift; sourceTree = "<group>"; };
		D91C4B1722500E87009E234F /* ScaleValue.swift */ = {isa = PBXFileReference; lastKnownFileType = sourcecode.swift; path = ScaleValue.swift; sourceTree = "<group>"; };
		D91C4B1922500ED3009E234F /* ScaleFormatter.swift */ = {isa = PBXFileReference; lastKnownFileType = sourcecode.swift; path = ScaleFormatter.swift; sourceTree = "<group>"; };
		D928465920C499790058245F /* Scale.swift */ = {isa = PBXFileReference; lastKnownFileType = sourcecode.swift; path = Scale.swift; sourceTree = "<group>"; };
		D9286C2C224E7A1500A69AF3 /* SizeFormatter.swift */ = {isa = PBXFileReference; lastKnownFileType = sourcecode.swift; path = SizeFormatter.swift; sourceTree = "<group>"; };
		D9286C2E224E7C6B00A69AF3 /* SizeValue.swift */ = {isa = PBXFileReference; lastKnownFileType = sourcecode.swift; path = SizeValue.swift; sourceTree = "<group>"; };
		D9287339210CB13B00F63A18 /* OperatingSystem.swift */ = {isa = PBXFileReference; lastKnownFileType = sourcecode.swift; path = OperatingSystem.swift; sourceTree = "<group>"; };
		D928733B210CB58E00F63A18 /* Time.swift */ = {isa = PBXFileReference; lastKnownFileType = sourcecode.swift; path = Time.swift; sourceTree = "<group>"; };
		D928733D210CBD2500F63A18 /* Cameras.swift */ = {isa = PBXFileReference; lastKnownFileType = sourcecode.swift; path = Cameras.swift; sourceTree = "<group>"; };
		D928733F210CCB5800F63A18 /* CPU.swift */ = {isa = PBXFileReference; lastKnownFileType = sourcecode.swift; path = CPU.swift; sourceTree = "<group>"; };
		D930631020D54E0A007A0CBD /* Location.swift */ = {isa = PBXFileReference; lastKnownFileType = sourcecode.swift; path = Location.swift; sourceTree = "<group>"; };
		D930631320D58A34007A0CBD /* MagneticFieldValue.swift */ = {isa = PBXFileReference; lastKnownFileType = sourcecode.swift; path = MagneticFieldValue.swift; sourceTree = "<group>"; };
		D930631520D58A54007A0CBD /* CalibratedMagneticFieldValue.swift */ = {isa = PBXFileReference; lastKnownFileType = sourcecode.swift; path = CalibratedMagneticFieldValue.swift; sourceTree = "<group>"; };
		D930631720D58A85007A0CBD /* RotationRateValue.swift */ = {isa = PBXFileReference; lastKnownFileType = sourcecode.swift; path = RotationRateValue.swift; sourceTree = "<group>"; };
		D930631920D58AC6007A0CBD /* CMQuaternion.swift */ = {isa = PBXFileReference; lastKnownFileType = sourcecode.swift; path = CMQuaternion.swift; sourceTree = "<group>"; };
		D930631B20D58E6E007A0CBD /* RotationMatrixValue.swift */ = {isa = PBXFileReference; lastKnownFileType = sourcecode.swift; path = RotationMatrixValue.swift; sourceTree = "<group>"; };
		D930631D20D5BDA7007A0CBD /* Compass.swift */ = {isa = PBXFileReference; lastKnownFileType = sourcecode.swift; path = Compass.swift; sourceTree = "<group>"; };
		D9386AF22255158700B081AB /* QuaternionValue.swift */ = {isa = PBXFileReference; lastKnownFileType = sourcecode.swift; path = QuaternionValue.swift; sourceTree = "<group>"; };
		D9386AF4225515AA00B081AB /* QuaternionFormatter.swift */ = {isa = PBXFileReference; lastKnownFileType = sourcecode.swift; path = QuaternionFormatter.swift; sourceTree = "<group>"; };
		D9386AF62255167F00B081AB /* NumericValues.swift */ = {isa = PBXFileReference; lastKnownFileType = sourcecode.swift; path = NumericValues.swift; sourceTree = "<group>"; };
		D9386AFA225522F200B081AB /* Heading.swift */ = {isa = PBXFileReference; lastKnownFileType = sourcecode.swift; path = Heading.swift; sourceTree = "<group>"; };
		D9386B3722560BC300B081AB /* OperationQueue+convenience.swift */ = {isa = PBXFileReference; lastKnownFileType = sourcecode.swift; path = "OperationQueue+convenience.swift"; sourceTree = "<group>"; };
		D950047320C85B590046AB47 /* AccelerationValue.swift */ = {isa = PBXFileReference; lastKnownFileType = sourcecode.swift; path = AccelerationValue.swift; sourceTree = "<group>"; };
		D950166B2118BCB7003542DC /* Memory.swift */ = {isa = PBXFileReference; lastKnownFileType = sourcecode.swift; path = Memory.swift; sourceTree = "<group>"; };
		D950166D2118FA0B003542DC /* AudioOutput.swift */ = {isa = PBXFileReference; lastKnownFileType = sourcecode.swift; path = AudioOutput.swift; sourceTree = "<group>"; };
		D959ECC620D713C5000184E2 /* GeomagnetismValue.swift */ = {isa = PBXFileReference; lastKnownFileType = sourcecode.swift; path = GeomagnetismValue.swift; sourceTree = "<group>"; };
		D96A18E320C741E100CAE44F /* DeviceAttitude.swift */ = {isa = PBXFileReference; fileEncoding = 4; lastKnownFileType = sourcecode.swift; path = DeviceAttitude.swift; sourceTree = "<group>"; };
		D96C62FF20F6AB0900BF06EF /* WiFi.swift */ = {isa = PBXFileReference; lastKnownFileType = sourcecode.swift; path = WiFi.swift; sourceTree = "<group>"; };
		D991E1F320CF2D45009C849F /* NumericNone.swift */ = {isa = PBXFileReference; lastKnownFileType = sourcecode.swift; path = NumericNone.swift; sourceTree = "<group>"; };
		D999586A21010F3B00C577AC /* BasePollingSource.swift */ = {isa = PBXFileReference; lastKnownFileType = sourcecode.swift; path = BasePollingSource.swift; sourceTree = "<group>"; };
		D999586C2101166B00C577AC /* Advertising.swift */ = {isa = PBXFileReference; lastKnownFileType = sourcecode.swift; path = Advertising.swift; sourceTree = "<group>"; };
		D999586E21011EA700C577AC /* DeviceOrientation.swift */ = {isa = PBXFileReference; lastKnownFileType = sourcecode.swift; path = DeviceOrientation.swift; sourceTree = "<group>"; };
		D99958702103403A00C577AC /* Storage.swift */ = {isa = PBXFileReference; lastKnownFileType = sourcecode.swift; path = Storage.swift; sourceTree = "<group>"; };
		D9995872210344C600C577AC /* Bluetooth.swift */ = {isa = PBXFileReference; lastKnownFileType = sourcecode.swift; path = Bluetooth.swift; sourceTree = "<group>"; };
		D999587421035F0000C577AC /* CoordinateValue.swift */ = {isa = PBXFileReference; lastKnownFileType = sourcecode.swift; path = CoordinateValue.swift; sourceTree = "<group>"; };
		D99958762103626C00C577AC /* MetersPerSecond.swift */ = {isa = PBXFileReference; lastKnownFileType = sourcecode.swift; path = MetersPerSecond.swift; sourceTree = "<group>"; };
		D9ADBCDB20F8DE4700BB0255 /* SystemConfiguration.framework */ = {isa = PBXFileReference; lastKnownFileType = wrapper.framework; name = SystemConfiguration.framework; path = System/Library/Frameworks/SystemConfiguration.framework; sourceTree = SDKROOT; };
		D9B84DDF20CC83D900380C42 /* Gyroscope.swift */ = {isa = PBXFileReference; lastKnownFileType = sourcecode.swift; path = Gyroscope.swift; sourceTree = "<group>"; };
		D9B84DE120CF0FB800380C42 /* Magnetometer.swift */ = {isa = PBXFileReference; lastKnownFileType = sourcecode.swift; path = Magnetometer.swift; sourceTree = "<group>"; };
		D9B84DE320CF14F000380C42 /* Accelerometer.swift */ = {isa = PBXFileReference; lastKnownFileType = sourcecode.swift; path = Accelerometer.swift; sourceTree = "<group>"; };
		D9CDB99420AE3D2900316739 /* AnyValue.swift */ = {isa = PBXFileReference; lastKnownFileType = sourcecode.swift; path = AnyValue.swift; sourceTree = "<group>"; };
		D9D7529D20B4BE0600B16A06 /* SourceAvailability.swift */ = {isa = PBXFileReference; lastKnownFileType = sourcecode.swift; path = SourceAvailability.swift; sourceTree = "<group>"; };
		D9EB5D5B21FB5A8300163BF6 /* MeasurementValue.swift */ = {isa = PBXFileReference; lastKnownFileType = sourcecode.swift; path = MeasurementValue.swift; sourceTree = "<group>"; };
		D9EF058120ACC59300D3F194 /* GatheredKit.framework */ = {isa = PBXFileReference; explicitFileType = wrapper.framework; includeInIndex = 0; path = GatheredKit.framework; sourceTree = BUILT_PRODUCTS_DIR; };
		D9EF058420ACC59300D3F194 /* GatheredKit.h */ = {isa = PBXFileReference; lastKnownFileType = sourcecode.c.h; path = GatheredKit.h; sourceTree = "<group>"; };
		D9EF058520ACC59300D3F194 /* Info.plist */ = {isa = PBXFileReference; lastKnownFileType = text.plist.xml; path = Info.plist; sourceTree = "<group>"; };
		D9EF058A20ACC59300D3F194 /* GatheredKitTests.xctest */ = {isa = PBXFileReference; explicitFileType = wrapper.cfbundle; includeInIndex = 0; path = GatheredKitTests.xctest; sourceTree = BUILT_PRODUCTS_DIR; };
		D9EF059120ACC59400D3F194 /* Info.plist */ = {isa = PBXFileReference; lastKnownFileType = text.plist.xml; path = Info.plist; sourceTree = "<group>"; };
		D9EF059D20ACC63700D3F194 /* Controllable.swift */ = {isa = PBXFileReference; lastKnownFileType = sourcecode.swift; path = Controllable.swift; sourceTree = "<group>"; };
		D9EF059F20ACC77D00D3F194 /* Value.swift */ = {isa = PBXFileReference; lastKnownFileType = sourcecode.swift; path = Value.swift; sourceTree = "<group>"; };
		D9EF05A420ACCE3800D3F194 /* AnyUnit.swift */ = {isa = PBXFileReference; lastKnownFileType = sourcecode.swift; path = AnyUnit.swift; sourceTree = "<group>"; };
		D9EF05AC20ACCF7000D3F194 /* CustomisableUpdateIntervalControllable.swift */ = {isa = PBXFileReference; lastKnownFileType = sourcecode.swift; path = CustomisableUpdateIntervalControllable.swift; sourceTree = "<group>"; };
		D9EF05AE20ACCF8B00D3F194 /* ManuallyUpdatableValuesProvider.swift */ = {isa = PBXFileReference; lastKnownFileType = sourcecode.swift; path = ManuallyUpdatableValuesProvider.swift; sourceTree = "<group>"; };
		D9EF05B020ACD02100D3F194 /* NumericUnit.swift */ = {isa = PBXFileReference; lastKnownFileType = sourcecode.swift; path = NumericUnit.swift; sourceTree = "<group>"; };
		D9EF05B220ACD04F00D3F194 /* UnitError.swift */ = {isa = PBXFileReference; lastKnownFileType = sourcecode.swift; path = UnitError.swift; sourceTree = "<group>"; };
		D9EF05B420ACD20700D3F194 /* BeatsPerMinute.swift */ = {isa = PBXFileReference; lastKnownFileType = sourcecode.swift; path = BeatsPerMinute.swift; sourceTree = "<group>"; };
		D9EF05B620ACD22100D3F194 /* Byte.swift */ = {isa = PBXFileReference; lastKnownFileType = sourcecode.swift; path = Byte.swift; sourceTree = "<group>"; };
		D9EF05B820ACD23400D3F194 /* Boolean.swift */ = {isa = PBXFileReference; lastKnownFileType = sourcecode.swift; path = Boolean.swift; sourceTree = "<group>"; };
		D9EF05BA20ACD24A00D3F194 /* Decibel.swift */ = {isa = PBXFileReference; lastKnownFileType = sourcecode.swift; path = Decibel.swift; sourceTree = "<group>"; };
		D9EF05BC20ACD25800D3F194 /* Degree.swift */ = {isa = PBXFileReference; lastKnownFileType = sourcecode.swift; path = Degree.swift; sourceTree = "<group>"; };
		D9EF05BE20ACD26600D3F194 /* Kilopascal.swift */ = {isa = PBXFileReference; lastKnownFileType = sourcecode.swift; path = Kilopascal.swift; sourceTree = "<group>"; };
		D9EF05C020ACD27400D3F194 /* Microtesla.swift */ = {isa = PBXFileReference; lastKnownFileType = sourcecode.swift; path = Microtesla.swift; sourceTree = "<group>"; };
		D9EF05C220ACD2D400D3F194 /* Meter.swift */ = {isa = PBXFileReference; lastKnownFileType = sourcecode.swift; path = Meter.swift; sourceTree = "<group>"; };
		D9EF05C420ACD2E300D3F194 /* Pixel.swift */ = {isa = PBXFileReference; lastKnownFileType = sourcecode.swift; path = Pixel.swift; sourceTree = "<group>"; };
		D9EF05C620ACD2F200D3F194 /* Percent.swift */ = {isa = PBXFileReference; lastKnownFileType = sourcecode.swift; path = Percent.swift; sourceTree = "<group>"; };
		D9EF05C820ACD31400D3F194 /* Point.swift */ = {isa = PBXFileReference; lastKnownFileType = sourcecode.swift; path = Point.swift; sourceTree = "<group>"; };
		D9EF05CA20ACD35B00D3F194 /* Screen.swift */ = {isa = PBXFileReference; lastKnownFileType = sourcecode.swift; path = Screen.swift; sourceTree = "<group>"; };
		D9EF05D020ACD6B900D3F194 /* AnyConsumer.swift */ = {isa = PBXFileReference; lastKnownFileType = sourcecode.swift; path = AnyConsumer.swift; sourceTree = "<group>"; };
		D9EF05DB20AE2B4700D3F194 /* Nimble.framework */ = {isa = PBXFileReference; lastKnownFileType = wrapper.framework; name = Nimble.framework; path = Carthage/Build/iOS/Nimble.framework; sourceTree = "<group>"; };
		D9EF05DC20AE2B4700D3F194 /* Quick.framework */ = {isa = PBXFileReference; lastKnownFileType = wrapper.framework; name = Quick.framework; path = Carthage/Build/iOS/Quick.framework; sourceTree = "<group>"; };
		D9EF05E020AE2B9700D3F194 /* ScreenTests.swift */ = {isa = PBXFileReference; lastKnownFileType = sourcecode.swift; path = ScreenTests.swift; sourceTree = "<group>"; };
		D9EF05E420AE2BBD00D3F194 /* MockScreenBackingData.swift */ = {isa = PBXFileReference; lastKnownFileType = sourcecode.swift; path = MockScreenBackingData.swift; sourceTree = "<group>"; };
		D9EF05F120AE2FE100D3F194 /* Nimble.framework */ = {isa = PBXFileReference; lastKnownFileType = wrapper.framework; name = Nimble.framework; path = Carthage/Build/iOS/Nimble.framework; sourceTree = SOURCE_ROOT; };
		D9EF05F220AE2FE100D3F194 /* Quick.framework */ = {isa = PBXFileReference; lastKnownFileType = wrapper.framework; name = Quick.framework; path = Carthage/Build/iOS/Quick.framework; sourceTree = SOURCE_ROOT; };
		D9F6B05420F8F4A700831338 /* Source.swift */ = {isa = PBXFileReference; lastKnownFileType = sourcecode.swift; path = Source.swift; sourceTree = "<group>"; };
		D9F94D69210CE63500493C1B /* GenericUnitlessValue.swift */ = {isa = PBXFileReference; lastKnownFileType = sourcecode.swift; path = GenericUnitlessValue.swift; sourceTree = "<group>"; };
/* End PBXFileReference section */

/* Begin PBXFrameworksBuildPhase section */
		D9EF057D20ACC59300D3F194 /* Frameworks */ = {
			isa = PBXFrameworksBuildPhase;
			buildActionMask = 2147483647;
			files = (
				D9ADBCDC20F8DE4700BB0255 /* SystemConfiguration.framework in Frameworks */,
			);
			runOnlyForDeploymentPostprocessing = 0;
		};
		D9EF058720ACC59300D3F194 /* Frameworks */ = {
			isa = PBXFrameworksBuildPhase;
			buildActionMask = 2147483647;
			files = (
				D9EF058B20ACC59300D3F194 /* GatheredKit.framework in Frameworks */,
				D9EF05F720AE2FEA00D3F194 /* Nimble.framework in Frameworks */,
				D9EF05F820AE2FEA00D3F194 /* Quick.framework in Frameworks */,
			);
			runOnlyForDeploymentPostprocessing = 0;
		};
/* End PBXFrameworksBuildPhase section */

/* Begin PBXGroup section */
		D904B506210CDC350062C965 /* Internals */ = {
			isa = PBXGroup;
			children = (
				D9F94D68210CDCA700493C1B /* Unit */,
				D904B508210CDC6C0062C965 /* Value */,
				D9EF05A720ACCEDE00D3F194 /* Extensions */,
			);
			path = Internals;
			sourceTree = "<group>";
		};
		D904B507210CDC480062C965 /* Source */ = {
			isa = PBXGroup;
			children = (
				D9F6B05420F8F4A700831338 /* Source.swift */,
				D9EF059D20ACC63700D3F194 /* Controllable.swift */,
				D9D7529D20B4BE0600B16A06 /* SourceAvailability.swift */,
				D9EF05AC20ACCF7000D3F194 /* CustomisableUpdateIntervalControllable.swift */,
				D9EF05AE20ACCF8B00D3F194 /* ManuallyUpdatableValuesProvider.swift */,
				D999586A21010F3B00C577AC /* BasePollingSource.swift */,
			);
			path = Source;
			sourceTree = "<group>";
		};
		D904B508210CDC6C0062C965 /* Value */ = {
			isa = PBXGroup;
			children = (
				D9CDB99420AE3D2900316739 /* AnyValue.swift */,
				D9F94D69210CE63500493C1B /* GenericUnitlessValue.swift */,
			);
			path = Value;
			sourceTree = "<group>";
		};
		D9070D8A2252C95A000A2A6C /* Consumers */ = {
			isa = PBXGroup;
			children = (
				D9070D8B2252C96C000A2A6C /* ClosureConsumer.swift */,
				D9070D8D2252C9A2000A2A6C /* NotificationsUpdatesConsumer.swift */,
			);
			path = Consumers;
			sourceTree = "<group>";
		};
		D910EE9220FEA058007F495B /* Action */ = {
			isa = PBXGroup;
			children = (
				D910EE9320FEA064007F495B /* Action.swift */,
				D910EE9520FEA070007F495B /* ActionProvider.swift */,
			);
			path = Action;
			sourceTree = "<group>";
		};
		D912413F225A4D6B00846D05 /* Motion */ = {
			isa = PBXGroup;
			children = (
				D9124149225A52F300846D05 /* CMMagneticFieldFormatter.swift */,
				D912413D225A4D3000846D05 /* RotationRateFormatter.swift */,
				D9386AF4225515AA00B081AB /* QuaternionFormatter.swift */,
			);
			path = Motion;
			sourceTree = "<group>";
		};
		D9126CD521F3A12A002C37EF /* Legacy */ = {
			isa = PBXGroup;
			children = (
				D9EF05B420ACD20700D3F194 /* BeatsPerMinute.swift */,
				D9EF05B620ACD22100D3F194 /* Byte.swift */,
				D9EF05B820ACD23400D3F194 /* Boolean.swift */,
				D9EF05BA20ACD24A00D3F194 /* Decibel.swift */,
				D9EF05BC20ACD25800D3F194 /* Degree.swift */,
				D9EF05BE20ACD26600D3F194 /* Kilopascal.swift */,
				D9EF05C020ACD27400D3F194 /* Microtesla.swift */,
				D9EF05C220ACD2D400D3F194 /* Meter.swift */,
				D99958762103626C00C577AC /* MetersPerSecond.swift */,
				D991E1F320CF2D45009C849F /* NumericNone.swift */,
				D9EF05C620ACD2F200D3F194 /* Percent.swift */,
				D9EF05C420ACD2E300D3F194 /* Pixel.swift */,
				D9EF05C820ACD31400D3F194 /* Point.swift */,
				D928465920C499790058245F /* Scale.swift */,
				D928733B210CB58E00F63A18 /* Time.swift */,
			);
			path = Legacy;
			sourceTree = "<group>";
		};
		D9126CD721F3A159002C37EF /* Legacy */ = {
			isa = PBXGroup;
			children = (
				D930631220D58A26007A0CBD /* Device Motion */,
				D959ECC620D713C5000184E2 /* GeomagnetismValue.swift */,
				D910EE9B20FFE2E9007F495B /* CellRadioCarrierValue.swift */,
			);
			path = Legacy;
			sourceTree = "<group>";
		};
		D9126CDA21F3AC3E002C37EF /* Formatters */ = {
			isa = PBXGroup;
			children = (
				D9126CDD21F3AD06002C37EF /* RotationRateFormatter.swift */,
			);
			path = Formatters;
			sourceTree = "<group>";
		};
		D9154EAA21FFC2E600C1E99B /* Formatters */ = {
			isa = PBXGroup;
			children = (
				D9126CDB21F3AC53002C37EF /* CoordinateFormatter.swift */,
				D9154EAB21FFC2FB00C1E99B /* LocationAuthorizationFormatter.swift */,
				D9124164225AB01F00846D05 /* MagneticFieldCalibrationAccuracyFormatter.swift */,
				D91C4B1522500CC1009E234F /* PercentFormatter.swift */,
				D91C4B1922500ED3009E234F /* ScaleFormatter.swift */,
				D9286C2C224E7A1500A69AF3 /* SizeFormatter.swift */,
				D912413F225A4D6B00846D05 /* Motion */,
			);
			path = Formatters;
			sourceTree = "<group>";
		};
		D916497C2272578F001138DE /* Producer */ = {
			isa = PBXGroup;
			children = (
				D916497D227257CB001138DE /* AnyProducer.swift */,
				D916497A22725788001138DE /* Producer.swift */,
			);
			path = Producer;
			sourceTree = "<group>";
		};
		D930631220D58A26007A0CBD /* Device Motion */ = {
			isa = PBXGroup;
			children = (
				D930631320D58A34007A0CBD /* MagneticFieldValue.swift */,
				D930631520D58A54007A0CBD /* CalibratedMagneticFieldValue.swift */,
				D930631920D58AC6007A0CBD /* CMQuaternion.swift */,
				D930631B20D58E6E007A0CBD /* RotationMatrixValue.swift */,
				D950047320C85B590046AB47 /* AccelerationValue.swift */,
			);
			path = "Device Motion";
			sourceTree = "<group>";
		};
		D9386AF12255157C00B081AB /* Motion */ = {
			isa = PBXGroup;
			children = (
				D9386AF22255158700B081AB /* QuaternionValue.swift */,
				D930631720D58A85007A0CBD /* RotationRateValue.swift */,
				D9124147225A524900846D05 /* CMMagneticFieldValue.swift */,
				D912414C225A557000846D05 /* CMCalibratedMagneticFieldValue.swift */,
			);
			path = Motion;
			sourceTree = "<group>";
		};
		D9386B3622560BA100B081AB /* Extensions */ = {
			isa = PBXGroup;
			children = (
				D9386B3722560BC300B081AB /* OperationQueue+convenience.swift */,
				D9124156225A741A00846D05 /* castToOptional.swift */,
				D9124162225AA37100846D05 /* String+localized.swift */,
			);
			path = Extensions;
			sourceTree = "<group>";
		};
		D950047220C85ADB0046AB47 /* Values */ = {
			isa = PBXGroup;
			children = (
				D9126CD721F3A159002C37EF /* Legacy */,
			);
			path = Values;
			sourceTree = "<group>";
		};
		D96A18DF20C741D000CAE44F /* Motion */ = {
			isa = PBXGroup;
			children = (
				D9124150225A587D00846D05 /* CoreMotionSource.swift */,
				D96A18E320C741E100CAE44F /* DeviceAttitude.swift */,
				D9B84DDF20CC83D900380C42 /* Gyroscope.swift */,
				D9B84DE120CF0FB800380C42 /* Magnetometer.swift */,
				D9386AFA225522F200B081AB /* Heading.swift */,
				D912414E225A57C100846D05 /* CMLogItem+date.swift */,
			);
			path = Motion;
			sourceTree = "<group>";
		};
		D979913F21F8F50500247DD9 /* Legacy */ = {
			isa = PBXGroup;
			children = (
				D904B506210CDC350062C965 /* Internals */,
				D9EF05A620ACCEB800D3F194 /* Sources */,
				D9EF05A320ACCDE100D3F194 /* Units */,
				D950047220C85ADB0046AB47 /* Values */,
				D9126CDA21F3AC3E002C37EF /* Formatters */,
			);
			path = Legacy;
			sourceTree = "<group>";
		};
		D979914021F8F51200247DD9 /* Internals */ = {
			isa = PBXGroup;
			children = (
				D9386B3622560BA100B081AB /* Extensions */,
				D979914121F8F55500247DD9 /* Value */,
				D904B507210CDC480062C965 /* Source */,
				D916497C2272578F001138DE /* Producer */,
				D9F649F421F8EAEF005C216F /* Consumer */,
				D910EE9220FEA058007F495B /* Action */,
			);
			path = Internals;
			sourceTree = "<group>";
		};
		D979914121F8F55500247DD9 /* Value */ = {
			isa = PBXGroup;
			children = (
				D91649852272586E001138DE /* AnyValue.swift */,
				D9EF059F20ACC77D00D3F194 /* Value.swift */,
				D9164978227242E3001138DE /* OptionalValue.swift */,
				D9168F4D20C8851E00100EEE /* ValuesProvider.swift */,
			);
			path = Value;
			sourceTree = "<group>";
		};
		D979914221F8F5B300247DD9 /* Sources */ = {
			isa = PBXGroup;
			children = (
				D96A18DF20C741D000CAE44F /* Motion */,
				D930631020D54E0A007A0CBD /* Location.swift */,
				D9EF05CA20ACD35B00D3F194 /* Screen.swift */,
			);
			path = Sources;
			sourceTree = "<group>";
		};
		D979914421F8F5F300247DD9 /* Values */ = {
			isa = PBXGroup;
			children = (
				D9386AF12255157C00B081AB /* Motion */,
				D979914521F8F69700247DD9 /* Measurements */,
				D999587421035F0000C577AC /* CoordinateValue.swift */,
				D9154EA821FFC2B200C1E99B /* LocationAuthorizationValue.swift */,
				D9124166225AB07400846D05 /* MagneticFieldCalibrationAccuracyValue.swift */,
				D9386AF62255167F00B081AB /* NumericValues.swift */,
				D91C4B1322500C8C009E234F /* PercentValue.swift */,
				D91C4B1722500E87009E234F /* ScaleValue.swift */,
				D9286C2E224E7C6B00A69AF3 /* SizeValue.swift */,
			);
			path = Values;
			sourceTree = "<group>";
		};
		D979914521F8F69700247DD9 /* Measurements */ = {
			isa = PBXGroup;
			children = (
				D9EB5D5B21FB5A8300163BF6 /* MeasurementValue.swift */,
				D9126CE821F3B6AA002C37EF /* SpeedValue.swift */,
				D9126CE621F3B68B002C37EF /* AngleValue.swift */,
				D9126CD821F3A1AD002C37EF /* LengthValue.swift */,
				D9126CE121F3AF73002C37EF /* FrequencyValue.swift */,
				D9124145225A520300846D05 /* MagneticFieldValue.swift */,
				D9124143225A4FED00846D05 /* UnitMagneticField.swift */,
			);
			path = Measurements;
			sourceTree = "<group>";
		};
		D9EF057720ACC59300D3F194 = {
			isa = PBXGroup;
			children = (
				D9EF058320ACC59300D3F194 /* Source */,
				D9EF058E20ACC59300D3F194 /* Tests */,
				D9EF058220ACC59300D3F194 /* Products */,
				D9EF05DA20AE2B4700D3F194 /* Frameworks */,
			);
			sourceTree = "<group>";
		};
		D9EF058220ACC59300D3F194 /* Products */ = {
			isa = PBXGroup;
			children = (
				D9EF058120ACC59300D3F194 /* GatheredKit.framework */,
				D9EF058A20ACC59300D3F194 /* GatheredKitTests.xctest */,
			);
			name = Products;
			sourceTree = "<group>";
		};
		D9EF058320ACC59300D3F194 /* Source */ = {
			isa = PBXGroup;
			children = (
				D979914421F8F5F300247DD9 /* Values */,
				D979914221F8F5B300247DD9 /* Sources */,
				D9154EAA21FFC2E600C1E99B /* Formatters */,
				D9070D8A2252C95A000A2A6C /* Consumers */,
				D979914021F8F51200247DD9 /* Internals */,
				D979913F21F8F50500247DD9 /* Legacy */,
				D9EF058420ACC59300D3F194 /* GatheredKit.h */,
				D9124161225AA25100846D05 /* Localizable.strings */,
				D9EF058520ACC59300D3F194 /* Info.plist */,
			);
			path = Source;
			sourceTree = "<group>";
		};
		D9EF058E20ACC59300D3F194 /* Tests */ = {
			isa = PBXGroup;
			children = (
				D9EF05DF20AE2B5600D3F194 /* Sources */,
				D9EF05EC20AE2FC200D3F194 /* Frameworks */,
				D9EF059120ACC59400D3F194 /* Info.plist */,
			);
			path = Tests;
			sourceTree = "<group>";
		};
		D9EF05A320ACCDE100D3F194 /* Units */ = {
			isa = PBXGroup;
			children = (
				D9126CD521F3A12A002C37EF /* Legacy */,
			);
			path = Units;
			sourceTree = "<group>";
		};
		D9EF05A620ACCEB800D3F194 /* Sources */ = {
			isa = PBXGroup;
			children = (
				D9B84DE320CF14F000380C42 /* Accelerometer.swift */,
				D930631D20D5BDA7007A0CBD /* Compass.swift */,
				D910EE9720FEA637007F495B /* Proximity.swift */,
				D910EE8620FA412E007F495B /* Battery.swift */,
				D928733D210CBD2500F63A18 /* Cameras.swift */,
				D928733F210CCB5800F63A18 /* CPU.swift */,
				D910EE9020FE9E76007F495B /* Altimeter.swift */,
				D999586C2101166B00C577AC /* Advertising.swift */,
				D910EE9920FFDE22007F495B /* CellRadio.swift */,
				D9287339210CB13B00F63A18 /* OperatingSystem.swift */,
				D9995872210344C600C577AC /* Bluetooth.swift */,
				D999586E21011EA700C577AC /* DeviceOrientation.swift */,
				D99958702103403A00C577AC /* Storage.swift */,
				D950166B2118BCB7003542DC /* Memory.swift */,
				D950166D2118FA0B003542DC /* AudioOutput.swift */,
				D910EE8C20FB6011007F495B /* DeviceMetadata.swift */,
				D96C62FF20F6AB0900BF06EF /* WiFi.swift */,
			);
			path = Sources;
			sourceTree = "<group>";
		};
		D9EF05A720ACCEDE00D3F194 /* Extensions */ = {
			isa = PBXGroup;
			children = (
				D910EE8820FA451C007F495B /* SwiftShims.swift */,
			);
			path = Extensions;
			sourceTree = "<group>";
		};
		D9EF05DA20AE2B4700D3F194 /* Frameworks */ = {
			isa = PBXGroup;
			children = (
				D9ADBCDB20F8DE4700BB0255 /* SystemConfiguration.framework */,
				D9EF05DB20AE2B4700D3F194 /* Nimble.framework */,
				D9EF05DC20AE2B4700D3F194 /* Quick.framework */,
			);
			name = Frameworks;
			sourceTree = "<group>";
		};
		D9EF05DF20AE2B5600D3F194 /* Sources */ = {
			isa = PBXGroup;
			children = (
				D9EF05E320AE2BB100D3F194 /* Mocks */,
				D9154EB021FFC8D300C1E99B /* LocationTests.swift */,
				D9124152225A612200846D05 /* UnitMagneticFieldTests.swift */,
				D9124154225A727400846D05 /* OptionalValueTests.swift */,
				D912415B225A97A200846D05 /* OptionalMeasurementValueTests.swift */,
				D9124158225A752900846D05 /* ValueTests.swift */,
				D9EF05E020AE2B9700D3F194 /* ScreenTests.swift */,
			);
			path = Sources;
			sourceTree = "<group>";
		};
		D9EF05E320AE2BB100D3F194 /* Mocks */ = {
			isa = PBXGroup;
			children = (
				D9154EAE21FFC87C00C1E99B /* MockLocationManager.swift */,
				D9EF05E420AE2BBD00D3F194 /* MockScreenBackingData.swift */,
				D9070D832252B0AB000A2A6C /* MockUpdateConsumer.swift */,
				D9070D862252C050000A2A6C /* MockNotificationCenter.swift */,
			);
			path = Mocks;
			sourceTree = "<group>";
		};
		D9EF05EC20AE2FC200D3F194 /* Frameworks */ = {
			isa = PBXGroup;
			children = (
				D9EF05F120AE2FE100D3F194 /* Nimble.framework */,
				D9EF05F220AE2FE100D3F194 /* Quick.framework */,
			);
			name = Frameworks;
			sourceTree = "<group>";
		};
		D9F649F421F8EAEF005C216F /* Consumer */ = {
			isa = PBXGroup;
			children = (
				D9EF05D020ACD6B900D3F194 /* AnyConsumer.swift */,
				D916497F22725817001138DE /* Consumer.swift */,
				D91649812272582F001138DE /* WeakConsumerWrapper.swift */,
				D916498322725847001138DE /* ConsumersProvider.swift */,
			);
			path = Consumer;
			sourceTree = "<group>";
		};
		D9F94D68210CDCA700493C1B /* Unit */ = {
			isa = PBXGroup;
			children = (
				D9EF05A420ACCE3800D3F194 /* AnyUnit.swift */,
				D9EF05B020ACD02100D3F194 /* NumericUnit.swift */,
				D9EF05B220ACD04F00D3F194 /* UnitError.swift */,
			);
			path = Unit;
			sourceTree = "<group>";
		};
/* End PBXGroup section */

/* Begin PBXHeadersBuildPhase section */
		D9EF057E20ACC59300D3F194 /* Headers */ = {
			isa = PBXHeadersBuildPhase;
			buildActionMask = 2147483647;
			files = (
				D9EF059220ACC59400D3F194 /* GatheredKit.h in Headers */,
			);
			runOnlyForDeploymentPostprocessing = 0;
		};
/* End PBXHeadersBuildPhase section */

/* Begin PBXNativeTarget section */
		D9EF058020ACC59300D3F194 /* GatheredKit */ = {
			isa = PBXNativeTarget;
			buildConfigurationList = D9EF059520ACC59400D3F194 /* Build configuration list for PBXNativeTarget "GatheredKit" */;
			buildPhases = (
				D9EF057C20ACC59300D3F194 /* Sources */,
				D9EF057D20ACC59300D3F194 /* Frameworks */,
				D9EF057E20ACC59300D3F194 /* Headers */,
				D9EF057F20ACC59300D3F194 /* Resources */,
			);
			buildRules = (
			);
			dependencies = (
			);
			name = GatheredKit;
			productName = GatheredKit;
			productReference = D9EF058120ACC59300D3F194 /* GatheredKit.framework */;
			productType = "com.apple.product-type.framework";
		};
		D9EF058920ACC59300D3F194 /* GatheredKitTests */ = {
			isa = PBXNativeTarget;
			buildConfigurationList = D9EF059820ACC59400D3F194 /* Build configuration list for PBXNativeTarget "GatheredKitTests" */;
			buildPhases = (
				D9EF058620ACC59300D3F194 /* Sources */,
				D9EF058720ACC59300D3F194 /* Frameworks */,
				D9EF05E620AE2F6900D3F194 /* Embed Frameworks */,
				D9EF058820ACC59300D3F194 /* Resources */,
			);
			buildRules = (
			);
			dependencies = (
				D9EF058D20ACC59300D3F194 /* PBXTargetDependency */,
			);
			name = GatheredKitTests;
			productName = GatheredKitTests;
			productReference = D9EF058A20ACC59300D3F194 /* GatheredKitTests.xctest */;
			productType = "com.apple.product-type.bundle.unit-test";
		};
/* End PBXNativeTarget section */

/* Begin PBXProject section */
		D9EF057820ACC59300D3F194 /* Project object */ = {
			isa = PBXProject;
			attributes = {
				LastSwiftUpdateCheck = 0930;
				LastUpgradeCheck = 0930;
				ORGANIZATIONNAME = "Joseph Duffy";
				TargetAttributes = {
					D9EF058020ACC59300D3F194 = {
						CreatedOnToolsVersion = 9.3.1;
						LastSwiftMigration = 1020;
					};
					D9EF058920ACC59300D3F194 = {
						CreatedOnToolsVersion = 9.3.1;
						LastSwiftMigration = 1020;
					};
				};
			};
			buildConfigurationList = D9EF057B20ACC59300D3F194 /* Build configuration list for PBXProject "GatheredKit" */;
			compatibilityVersion = "Xcode 9.3";
			developmentRegion = en;
			hasScannedForEncodings = 0;
			knownRegions = (
				en,
				Base,
				"en-GB",
			);
			mainGroup = D9EF057720ACC59300D3F194;
			productRefGroup = D9EF058220ACC59300D3F194 /* Products */;
			projectDirPath = "";
			projectRoot = "";
			targets = (
				D9EF058020ACC59300D3F194 /* GatheredKit */,
				D9EF058920ACC59300D3F194 /* GatheredKitTests */,
			);
		};
/* End PBXProject section */

/* Begin PBXResourcesBuildPhase section */
		D9EF057F20ACC59300D3F194 /* Resources */ = {
			isa = PBXResourcesBuildPhase;
			buildActionMask = 2147483647;
			files = (
				D912415F225AA25100846D05 /* Localizable.strings in Resources */,
			);
			runOnlyForDeploymentPostprocessing = 0;
		};
		D9EF058820ACC59300D3F194 /* Resources */ = {
			isa = PBXResourcesBuildPhase;
			buildActionMask = 2147483647;
			files = (
			);
			runOnlyForDeploymentPostprocessing = 0;
		};
/* End PBXResourcesBuildPhase section */

/* Begin PBXSourcesBuildPhase section */
		D9EF057C20ACC59300D3F194 /* Sources */ = {
			isa = PBXSourcesBuildPhase;
			buildActionMask = 2147483647;
			files = (
				D9C7D74C2274A7A80096DE89 /* Heading.swift in Sources */,
				D91649862272586E001138DE /* AnyValue.swift in Sources */,
				D912412C225A473300846D05 /* NumericValues.swift in Sources */,
				D916498022725817001138DE /* Consumer.swift in Sources */,
				D910EE9420FEA064007F495B /* Action.swift in Sources */,
				D9386AF5225515AA00B081AB /* QuaternionFormatter.swift in Sources */,
				D9C7D74D2274B04E0096DE89 /* Location.swift in Sources */,
				D912413A225A4C3200846D05 /* SizeValue.swift in Sources */,
				D9124165225AB01F00846D05 /* MagneticFieldCalibrationAccuracyFormatter.swift in Sources */,
				D912414A225A52F300846D05 /* CMMagneticFieldFormatter.swift in Sources */,
				D91C4B1A22500ED3009E234F /* ScaleFormatter.swift in Sources */,
				D9124148225A524900846D05 /* CMMagneticFieldValue.swift in Sources */,
				D910EE8920FA451C007F495B /* SwiftShims.swift in Sources */,
				D9154EAC21FFC2FB00C1E99B /* LocationAuthorizationFormatter.swift in Sources */,
				D9124146225A520300846D05 /* MagneticFieldValue.swift in Sources */,
				D9C7D74B2274A7890096DE89 /* Magnetometer.swift in Sources */,
				D9070D8E2252C9A2000A2A6C /* NotificationsUpdatesConsumer.swift in Sources */,
				D9286C2D224E7A1500A69AF3 /* SizeFormatter.swift in Sources */,
				D9124140225A4E6F00846D05 /* DeviceAttitude.swift in Sources */,
				D9EF05A020ACC77D00D3F194 /* Value.swift in Sources */,
				D9EF05AF20ACCF8B00D3F194 /* ManuallyUpdatableValuesProvider.swift in Sources */,
				D9EF059E20ACC63700D3F194 /* Controllable.swift in Sources */,
				D916497B22725788001138DE /* Producer.swift in Sources */,
				D9124134225A4B9400846D05 /* LocationAuthorizationValue.swift in Sources */,
				D9126CDC21F3AC53002C37EF /* CoordinateFormatter.swift in Sources */,
				D912412D225A49DB00846D05 /* MeasurementValue.swift in Sources */,
				D912412B225A46DD00846D05 /* QuaternionValue.swift in Sources */,
				D9070D8C2252C96C000A2A6C /* ClosureConsumer.swift in Sources */,
				D9124157225A741A00846D05 /* castToOptional.swift in Sources */,
				D9582C2E226FAC51004327A4 /* Screen.swift in Sources */,
				D9F6B05520F8F4A700831338 /* Source.swift in Sources */,
				D912414F225A57C100846D05 /* CMLogItem+date.swift in Sources */,
				D912414D225A557000846D05 /* CMCalibratedMagneticFieldValue.swift in Sources */,
				D9124151225A587D00846D05 /* CoreMotionSource.swift in Sources */,
				D9164979227242E3001138DE /* OptionalValue.swift in Sources */,
				D9386B3822560BC300B081AB /* OperationQueue+convenience.swift in Sources */,
				D9EF05AD20ACCF7000D3F194 /* CustomisableUpdateIntervalControllable.swift in Sources */,
				D9124131225A4A0C00846D05 /* FrequencyValue.swift in Sources */,
				D9D7529E20B4BE0600B16A06 /* SourceAvailability.swift in Sources */,
				D9C7D749227357770096DE89 /* Gyroscope.swift in Sources */,
				D910EE9620FEA070007F495B /* ActionProvider.swift in Sources */,
				D9124137225A4C3200846D05 /* RotationRateValue.swift in Sources */,
				D916497E227257CB001138DE /* AnyProducer.swift in Sources */,
				D91649822272582F001138DE /* WeakConsumerWrapper.swift in Sources */,
				D9168F4E20C8851E00100EEE /* ValuesProvider.swift in Sources */,
				D912412F225A4A0400846D05 /* AngleValue.swift in Sources */,
				D9124138225A4C3200846D05 /* PercentValue.swift in Sources */,
				D9124167225AB07400846D05 /* MagneticFieldCalibrationAccuracyValue.swift in Sources */,
				D916498422725847001138DE /* ConsumersProvider.swift in Sources */,
				D9124132225A4B5E00846D05 /* CoordinateValue.swift in Sources */,
				D9124163225AA37100846D05 /* String+localized.swift in Sources */,
				D9124130225A4A0800846D05 /* LengthValue.swift in Sources */,
				D9EF05D120ACD6B900D3F194 /* AnyConsumer.swift in Sources */,
				D912412E225A4A0200846D05 /* SpeedValue.swift in Sources */,
				D912413E225A4D3000846D05 /* RotationRateFormatter.swift in Sources */,
				D9124139225A4C3200846D05 /* ScaleValue.swift in Sources */,
				D9124144225A4FED00846D05 /* UnitMagneticField.swift in Sources */,
				D91C4B1622500CC1009E234F /* PercentFormatter.swift in Sources */,
			);
			runOnlyForDeploymentPostprocessing = 0;
		};
		D9EF058620ACC59300D3F194 /* Sources */ = {
			isa = PBXSourcesBuildPhase;
			buildActionMask = 2147483647;
			files = (
				D9582C2D226FAC4C004327A4 /* ScreenTests.swift in Sources */,
				D9582C2F226FAC92004327A4 /* MockScreenBackingData.swift in Sources */,
				D9070D872252C050000A2A6C /* MockNotificationCenter.swift in Sources */,
				D9124155225A727400846D05 /* OptionalValueTests.swift in Sources */,
				D9124159225A752900846D05 /* ValueTests.swift in Sources */,
				D9124153225A612200846D05 /* UnitMagneticFieldTests.swift in Sources */,
				D912415C225A97A200846D05 /* OptionalMeasurementValueTests.swift in Sources */,
				D9070D852252B129000A2A6C /* MockUpdateConsumer.swift in Sources */,
			);
			runOnlyForDeploymentPostprocessing = 0;
		};
/* End PBXSourcesBuildPhase section */

/* Begin PBXTargetDependency section */
		D9EF058D20ACC59300D3F194 /* PBXTargetDependency */ = {
			isa = PBXTargetDependency;
			target = D9EF058020ACC59300D3F194 /* GatheredKit */;
			targetProxy = D9EF058C20ACC59300D3F194 /* PBXContainerItemProxy */;
		};
/* End PBXTargetDependency section */

/* Begin PBXVariantGroup section */
		D9124161225AA25100846D05 /* Localizable.strings */ = {
			isa = PBXVariantGroup;
			children = (
				D9124160225AA25100846D05 /* en-GB */,
			);
			name = Localizable.strings;
			sourceTree = "<group>";
		};
/* End PBXVariantGroup section */

/* Begin XCBuildConfiguration section */
		D9EF059320ACC59400D3F194 /* Debug */ = {
			isa = XCBuildConfiguration;
			buildSettings = {
				ALWAYS_SEARCH_USER_PATHS = NO;
				CLANG_ANALYZER_NONNULL = YES;
				CLANG_ANALYZER_NUMBER_OBJECT_CONVERSION = YES_AGGRESSIVE;
				CLANG_CXX_LANGUAGE_STANDARD = "gnu++14";
				CLANG_CXX_LIBRARY = "libc++";
				CLANG_ENABLE_MODULES = YES;
				CLANG_ENABLE_OBJC_ARC = YES;
				CLANG_ENABLE_OBJC_WEAK = YES;
				CLANG_WARN_BLOCK_CAPTURE_AUTORELEASING = YES;
				CLANG_WARN_BOOL_CONVERSION = YES;
				CLANG_WARN_COMMA = YES;
				CLANG_WARN_CONSTANT_CONVERSION = YES;
				CLANG_WARN_DEPRECATED_OBJC_IMPLEMENTATIONS = YES;
				CLANG_WARN_DIRECT_OBJC_ISA_USAGE = YES_ERROR;
				CLANG_WARN_DOCUMENTATION_COMMENTS = YES;
				CLANG_WARN_EMPTY_BODY = YES;
				CLANG_WARN_ENUM_CONVERSION = YES;
				CLANG_WARN_INFINITE_RECURSION = YES;
				CLANG_WARN_INT_CONVERSION = YES;
				CLANG_WARN_NON_LITERAL_NULL_CONVERSION = YES;
				CLANG_WARN_OBJC_IMPLICIT_RETAIN_SELF = YES;
				CLANG_WARN_OBJC_LITERAL_CONVERSION = YES;
				CLANG_WARN_OBJC_ROOT_CLASS = YES_ERROR;
				CLANG_WARN_RANGE_LOOP_ANALYSIS = YES;
				CLANG_WARN_STRICT_PROTOTYPES = YES;
				CLANG_WARN_SUSPICIOUS_MOVE = YES;
				CLANG_WARN_UNGUARDED_AVAILABILITY = YES_AGGRESSIVE;
				CLANG_WARN_UNREACHABLE_CODE = YES;
				CLANG_WARN__DUPLICATE_METHOD_MATCH = YES;
				CODE_SIGN_IDENTITY = "iPhone Developer";
				COPY_PHASE_STRIP = NO;
				CURRENT_PROJECT_VERSION = 1;
				DEBUG_INFORMATION_FORMAT = dwarf;
				ENABLE_STRICT_OBJC_MSGSEND = YES;
				ENABLE_TESTABILITY = YES;
				GCC_C_LANGUAGE_STANDARD = gnu11;
				GCC_DYNAMIC_NO_PIC = NO;
				GCC_NO_COMMON_BLOCKS = YES;
				GCC_OPTIMIZATION_LEVEL = 0;
				GCC_PREPROCESSOR_DEFINITIONS = (
					"DEBUG=1",
					"$(inherited)",
				);
				GCC_WARN_64_TO_32_BIT_CONVERSION = YES;
				GCC_WARN_ABOUT_RETURN_TYPE = YES_ERROR;
				GCC_WARN_UNDECLARED_SELECTOR = YES;
				GCC_WARN_UNINITIALIZED_AUTOS = YES_AGGRESSIVE;
				GCC_WARN_UNUSED_FUNCTION = YES;
				GCC_WARN_UNUSED_VARIABLE = YES;
				IPHONEOS_DEPLOYMENT_TARGET = 10.0;
				MTL_ENABLE_DEBUG_INFO = YES;
				ONLY_ACTIVE_ARCH = YES;
				SDKROOT = iphoneos;
				SWIFT_ACTIVE_COMPILATION_CONDITIONS = DEBUG;
				SWIFT_OPTIMIZATION_LEVEL = "-Onone";
				SWIFT_VERSION = 4.2;
				VERSIONING_SYSTEM = "apple-generic";
				VERSION_INFO_PREFIX = "";
			};
			name = Debug;
		};
		D9EF059420ACC59400D3F194 /* Release */ = {
			isa = XCBuildConfiguration;
			buildSettings = {
				ALWAYS_SEARCH_USER_PATHS = NO;
				CLANG_ANALYZER_NONNULL = YES;
				CLANG_ANALYZER_NUMBER_OBJECT_CONVERSION = YES_AGGRESSIVE;
				CLANG_CXX_LANGUAGE_STANDARD = "gnu++14";
				CLANG_CXX_LIBRARY = "libc++";
				CLANG_ENABLE_MODULES = YES;
				CLANG_ENABLE_OBJC_ARC = YES;
				CLANG_ENABLE_OBJC_WEAK = YES;
				CLANG_WARN_BLOCK_CAPTURE_AUTORELEASING = YES;
				CLANG_WARN_BOOL_CONVERSION = YES;
				CLANG_WARN_COMMA = YES;
				CLANG_WARN_CONSTANT_CONVERSION = YES;
				CLANG_WARN_DEPRECATED_OBJC_IMPLEMENTATIONS = YES;
				CLANG_WARN_DIRECT_OBJC_ISA_USAGE = YES_ERROR;
				CLANG_WARN_DOCUMENTATION_COMMENTS = YES;
				CLANG_WARN_EMPTY_BODY = YES;
				CLANG_WARN_ENUM_CONVERSION = YES;
				CLANG_WARN_INFINITE_RECURSION = YES;
				CLANG_WARN_INT_CONVERSION = YES;
				CLANG_WARN_NON_LITERAL_NULL_CONVERSION = YES;
				CLANG_WARN_OBJC_IMPLICIT_RETAIN_SELF = YES;
				CLANG_WARN_OBJC_LITERAL_CONVERSION = YES;
				CLANG_WARN_OBJC_ROOT_CLASS = YES_ERROR;
				CLANG_WARN_RANGE_LOOP_ANALYSIS = YES;
				CLANG_WARN_STRICT_PROTOTYPES = YES;
				CLANG_WARN_SUSPICIOUS_MOVE = YES;
				CLANG_WARN_UNGUARDED_AVAILABILITY = YES_AGGRESSIVE;
				CLANG_WARN_UNREACHABLE_CODE = YES;
				CLANG_WARN__DUPLICATE_METHOD_MATCH = YES;
				CODE_SIGN_IDENTITY = "iPhone Developer";
				COPY_PHASE_STRIP = NO;
				CURRENT_PROJECT_VERSION = 1;
				DEBUG_INFORMATION_FORMAT = "dwarf-with-dsym";
				ENABLE_NS_ASSERTIONS = NO;
				ENABLE_STRICT_OBJC_MSGSEND = YES;
				GCC_C_LANGUAGE_STANDARD = gnu11;
				GCC_NO_COMMON_BLOCKS = YES;
				GCC_WARN_64_TO_32_BIT_CONVERSION = YES;
				GCC_WARN_ABOUT_RETURN_TYPE = YES_ERROR;
				GCC_WARN_UNDECLARED_SELECTOR = YES;
				GCC_WARN_UNINITIALIZED_AUTOS = YES_AGGRESSIVE;
				GCC_WARN_UNUSED_FUNCTION = YES;
				GCC_WARN_UNUSED_VARIABLE = YES;
				IPHONEOS_DEPLOYMENT_TARGET = 10.0;
				MTL_ENABLE_DEBUG_INFO = NO;
				SDKROOT = iphoneos;
				SWIFT_COMPILATION_MODE = wholemodule;
				SWIFT_OPTIMIZATION_LEVEL = "-O";
				SWIFT_VERSION = 4.2;
				VALIDATE_PRODUCT = YES;
				VERSIONING_SYSTEM = "apple-generic";
				VERSION_INFO_PREFIX = "";
			};
			name = Release;
		};
		D9EF059620ACC59400D3F194 /* Debug */ = {
			isa = XCBuildConfiguration;
			buildSettings = {
				APPLICATION_EXTENSION_API_ONLY = YES;
				CLANG_ENABLE_MODULES = YES;
				CODE_SIGN_IDENTITY = "";
				CODE_SIGN_STYLE = Automatic;
				DEFINES_MODULE = YES;
				DEVELOPMENT_TEAM = "";
				DYLIB_COMPATIBILITY_VERSION = 1;
				DYLIB_CURRENT_VERSION = 1;
				DYLIB_INSTALL_NAME_BASE = "@rpath";
				INFOPLIST_FILE = Source/Info.plist;
				INSTALL_PATH = "$(LOCAL_LIBRARY_DIR)/Frameworks";
				LD_RUNPATH_SEARCH_PATHS = (
					"$(inherited)",
					"@executable_path/Frameworks",
					"@loader_path/Frameworks",
				);
				PRODUCT_BUNDLE_IDENTIFIER = uk.co.josephduffy.GatheredKit;
				PRODUCT_NAME = "$(TARGET_NAME:c99extidentifier)";
				SKIP_INSTALL = YES;
				SWIFT_OPTIMIZATION_LEVEL = "-Onone";
				SWIFT_VERSION = 5.0;
				TARGETED_DEVICE_FAMILY = "1,2";
			};
			name = Debug;
		};
		D9EF059720ACC59400D3F194 /* Release */ = {
			isa = XCBuildConfiguration;
			buildSettings = {
				APPLICATION_EXTENSION_API_ONLY = YES;
				CLANG_ENABLE_MODULES = YES;
				CODE_SIGN_IDENTITY = "";
				CODE_SIGN_STYLE = Automatic;
				DEFINES_MODULE = YES;
				DEVELOPMENT_TEAM = "";
				DYLIB_COMPATIBILITY_VERSION = 1;
				DYLIB_CURRENT_VERSION = 1;
				DYLIB_INSTALL_NAME_BASE = "@rpath";
				INFOPLIST_FILE = Source/Info.plist;
				INSTALL_PATH = "$(LOCAL_LIBRARY_DIR)/Frameworks";
				LD_RUNPATH_SEARCH_PATHS = (
					"$(inherited)",
					"@executable_path/Frameworks",
					"@loader_path/Frameworks",
				);
				PRODUCT_BUNDLE_IDENTIFIER = uk.co.josephduffy.GatheredKit;
				PRODUCT_NAME = "$(TARGET_NAME:c99extidentifier)";
				SKIP_INSTALL = YES;
				SWIFT_VERSION = 5.0;
				TARGETED_DEVICE_FAMILY = "1,2";
			};
			name = Release;
		};
		D9EF059920ACC59400D3F194 /* Debug */ = {
			isa = XCBuildConfiguration;
			buildSettings = {
				ALWAYS_EMBED_SWIFT_STANDARD_LIBRARIES = YES;
				CLANG_ENABLE_MODULES = YES;
				CODE_SIGN_STYLE = Automatic;
				DEVELOPMENT_TEAM = T2ABQ5MBH8;
				FRAMEWORK_SEARCH_PATHS = (
					"$(inherited)",
					"$(PROJECT_DIR)/Carthage/Build/iOS",
				);
				INFOPLIST_FILE = Tests/Info.plist;
				LD_RUNPATH_SEARCH_PATHS = (
					"$(inherited)",
					"@executable_path/Frameworks",
					"@loader_path/Frameworks",
				);
				PRODUCT_BUNDLE_IDENTIFIER = uk.co.josephduffy.GatheredKitTests;
				PRODUCT_NAME = "$(TARGET_NAME)";
				SWIFT_OPTIMIZATION_LEVEL = "-Onone";
				SWIFT_VERSION = 5.0;
				TARGETED_DEVICE_FAMILY = "1,2";
			};
			name = Debug;
		};
		D9EF059A20ACC59400D3F194 /* Release */ = {
			isa = XCBuildConfiguration;
			buildSettings = {
				ALWAYS_EMBED_SWIFT_STANDARD_LIBRARIES = YES;
				CLANG_ENABLE_MODULES = YES;
				CODE_SIGN_STYLE = Automatic;
				DEVELOPMENT_TEAM = T2ABQ5MBH8;
				FRAMEWORK_SEARCH_PATHS = (
					"$(inherited)",
					"$(PROJECT_DIR)/Carthage/Build/iOS",
				);
				INFOPLIST_FILE = Tests/Info.plist;
				LD_RUNPATH_SEARCH_PATHS = (
					"$(inherited)",
					"@executable_path/Frameworks",
					"@loader_path/Frameworks",
				);
				PRODUCT_BUNDLE_IDENTIFIER = uk.co.josephduffy.GatheredKitTests;
				PRODUCT_NAME = "$(TARGET_NAME)";
				SWIFT_VERSION = 5.0;
				TARGETED_DEVICE_FAMILY = "1,2";
			};
			name = Release;
		};
/* End XCBuildConfiguration section */

/* Begin XCConfigurationList section */
		D9EF057B20ACC59300D3F194 /* Build configuration list for PBXProject "GatheredKit" */ = {
			isa = XCConfigurationList;
			buildConfigurations = (
				D9EF059320ACC59400D3F194 /* Debug */,
				D9EF059420ACC59400D3F194 /* Release */,
			);
			defaultConfigurationIsVisible = 0;
			defaultConfigurationName = Release;
		};
		D9EF059520ACC59400D3F194 /* Build configuration list for PBXNativeTarget "GatheredKit" */ = {
			isa = XCConfigurationList;
			buildConfigurations = (
				D9EF059620ACC59400D3F194 /* Debug */,
				D9EF059720ACC59400D3F194 /* Release */,
			);
			defaultConfigurationIsVisible = 0;
			defaultConfigurationName = Release;
		};
		D9EF059820ACC59400D3F194 /* Build configuration list for PBXNativeTarget "GatheredKitTests" */ = {
			isa = XCConfigurationList;
			buildConfigurations = (
				D9EF059920ACC59400D3F194 /* Debug */,
				D9EF059A20ACC59400D3F194 /* Release */,
			);
			defaultConfigurationIsVisible = 0;
			defaultConfigurationName = Release;
		};
/* End XCConfigurationList section */
	};
	rootObject = D9EF057820ACC59300D3F194 /* Project object */;
}
